
Microsoft Visual Studio Solution File, Format Version 12.00
# Visual Studio 2013
VisualStudioVersion = 12.0.31101.0
MinimumVisualStudioVersion = 10.0.40219.1
Project("{FAE04EC0-301F-11D3-BF4B-00C04F79EFBC}") = "MiguelDesafioTecnico", "MiguelDesafioTecnico\MiguelDesafioTecnico.csproj", "{A5EC2994-60D6-4F07-B14A-D4138B3F4239}"
EndProject
Project("{2150E333-8FDC-42A3-9474-1A3956D46DE8}") = ".nuget", ".nuget", "{7A75983D-A19B-4DEA-BB36-FA847E53B77B}"
EndProject
Global
	GlobalSection(SolutionConfigurationPlatforms) = preSolution
		Debug|Any CPU = Debug|Any CPU
		Release|Any CPU = Release|Any CPU
	EndGlobalSection
	GlobalSection(ProjectConfigurationPlatforms) = postSolution
		{A5EC2994-60D6-4F07-B14A-D4138B3F4239}.Debug|Any CPU.ActiveCfg = Debug|Any CPU
		{A5EC2994-60D6-4F07-B14A-D4138B3F4239}.Debug|Any CPU.Build.0 = Debug|Any CPU
		{A5EC2994-60D6-4F07-B14A-D4138B3F4239}.Release|Any CPU.ActiveCfg = Release|Any CPU
		{A5EC2994-60D6-4F07-B14A-D4138B3F4239}.Release|Any CPU.Build.0 = Release|Any CPU
	EndGlobalSection
	GlobalSection(SolutionProperties) = preSolution
		HideSolutionNode = FALSE
	EndGlobalSection
EndGlobal
